
Microsoft Visual Studio Solution File, Format Version 12.00
# Visual Studio Version 17
VisualStudioVersion = 17.7.34031.279
MinimumVisualStudioVersion = 10.0.40219.1
Project("{F184B08F-C81C-45F6-A57F-5ABD9991F28F}") = "сзс", "сзс\сзс.vbproj", "{C3C8D447-2CBB-461F-A42D-0A5A65081652}"
EndProject
Global
	GlobalSection(SolutionConfigurationPlatforms) = preSolution
		Debug|Any CPU = Debug|Any CPU
		Release|Any CPU = Release|Any CPU
	EndGlobalSection
	GlobalSection(ProjectConfigurationPlatforms) = postSolution
		{C3C8D447-2CBB-461F-A42D-0A5A65081652}.Debug|Any CPU.ActiveCfg = Debug|Any CPU
		{C3C8D447-2CBB-461F-A42D-0A5A65081652}.Debug|Any CPU.Build.0 = Debug|Any CPU
		{C3C8D447-2CBB-461F-A42D-0A5A65081652}.Release|Any CPU.ActiveCfg = Release|Any CPU
		{C3C8D447-2CBB-461F-A42D-0A5A65081652}.Release|Any CPU.Build.0 = Release|Any CPU
	EndGlobalSection
	GlobalSection(SolutionProperties) = preSolution
		HideSolutionNode = FALSE
	EndGlobalSection
	GlobalSection(ExtensibilityGlobals) = postSolution
		SolutionGuid = {333CF9E0-4976-4D20-A8F5-CB63026FDE43}
	EndGlobalSection
EndGlobal
